
Microsoft Visual Studio Solution File, Format Version 12.00
# Visual Studio 15
VisualStudioVersion = 15.0.28307.1169
MinimumVisualStudioVersion = 10.0.40219.1
Project("{FAE04EC0-301F-11D3-BF4B-00C04F79EFBC}") = "WcfDecryptorService", "WcfDecryptorService\WcfDecryptorService.csproj", "{4D14F1A5-6D79-48AB-99B9-01C1AD47D21F}"
EndProject
Global
	GlobalSection(SolutionConfigurationPlatforms) = preSolution
		Debug|Any CPU = Debug|Any CPU
		Release|Any CPU = Release|Any CPU
	EndGlobalSection
	GlobalSection(ProjectConfigurationPlatforms) = postSolution
		{4D14F1A5-6D79-48AB-99B9-01C1AD47D21F}.Debug|Any CPU.ActiveCfg = Debug|Any CPU
		{4D14F1A5-6D79-48AB-99B9-01C1AD47D21F}.Debug|Any CPU.Build.0 = Debug|Any CPU
		{4D14F1A5-6D79-48AB-99B9-01C1AD47D21F}.Release|Any CPU.ActiveCfg = Release|Any CPU
		{4D14F1A5-6D79-48AB-99B9-01C1AD47D21F}.Release|Any CPU.Build.0 = Release|Any CPU
	EndGlobalSection
	GlobalSection(SolutionProperties) = preSolution
		HideSolutionNode = FALSE
	EndGlobalSection
	GlobalSection(ExtensibilityGlobals) = postSolution
		SolutionGuid = {F4609542-D93A-495B-A043-C1F31EDC6AF9}
	EndGlobalSection
EndGlobal
